
Microsoft Visual Studio Solution File, Format Version 12.00
# Visual Studio Version 17
VisualStudioVersion = 17.14.36408.4 d17.14
MinimumVisualStudioVersion = 10.0.40219.1
Project("{FAE04EC0-301F-11D3-BF4B-00C04F79EFBC}") = "AuthenticationApi", "AuthenticationApi\AuthenticationApi.csproj", "{80F1092C-C856-4FA4-8A95-B237C941EF47}"
EndProject
Global
	GlobalSection(SolutionConfigurationPlatforms) = preSolution
		Debug|Any CPU = Debug|Any CPU
		Release|Any CPU = Release|Any CPU
	EndGlobalSection
	GlobalSection(ProjectConfigurationPlatforms) = postSolution
		{80F1092C-C856-4FA4-8A95-B237C941EF47}.Debug|Any CPU.ActiveCfg = Debug|Any CPU
		{80F1092C-C856-4FA4-8A95-B237C941EF47}.Debug|Any CPU.Build.0 = Debug|Any CPU
		{80F1092C-C856-4FA4-8A95-B237C941EF47}.Release|Any CPU.ActiveCfg = Release|Any CPU
		{80F1092C-C856-4FA4-8A95-B237C941EF47}.Release|Any CPU.Build.0 = Release|Any CPU
	EndGlobalSection
	GlobalSection(SolutionProperties) = preSolution
		HideSolutionNode = FALSE
	EndGlobalSection
	GlobalSection(ExtensibilityGlobals) = postSolution
		SolutionGuid = {2949A95C-5B5C-4E06-B4AE-2E0348CF0AC1}
	EndGlobalSection
EndGlobal
